
Microsoft Visual Studio Solution File, Format Version 12.00
# Visual Studio Version 16
VisualStudioVersion = 25.0.1704.0
MinimumVisualStudioVersion = 10.0.40219.1
Project("{FAE04EC0-301F-11D3-BF4B-00C04F79EFBC}") = "CSVToJson", "CSVToJson\CSVToJson.csproj", "{1D4C16CC-6840-4F95-B2EA-BCF920A01B99}"
EndProject
Global
	GlobalSection(SolutionConfigurationPlatforms) = preSolution
		Debug|Any CPU = Debug|Any CPU
		Release|Any CPU = Release|Any CPU
	EndGlobalSection
	GlobalSection(ProjectConfigurationPlatforms) = postSolution
		{1D4C16CC-6840-4F95-B2EA-BCF920A01B99}.Debug|Any CPU.ActiveCfg = Debug|Any CPU
		{1D4C16CC-6840-4F95-B2EA-BCF920A01B99}.Debug|Any CPU.Build.0 = Debug|Any CPU
		{1D4C16CC-6840-4F95-B2EA-BCF920A01B99}.Release|Any CPU.ActiveCfg = Release|Any CPU
		{1D4C16CC-6840-4F95-B2EA-BCF920A01B99}.Release|Any CPU.Build.0 = Release|Any CPU
	EndGlobalSection
	GlobalSection(SolutionProperties) = preSolution
		HideSolutionNode = FALSE
	EndGlobalSection
	GlobalSection(ExtensibilityGlobals) = postSolution
		SolutionGuid = {C827CEC2-23B8-42CD-A864-C29B2141B6BA}
	EndGlobalSection
	GlobalSection(MonoDevelopProperties) = preSolution
		Policies = $0
		$0.TextStylePolicy = $1
		$1.inheritsSet = null
		$1.scope = text/x-csharp
		$0.CSharpFormattingPolicy = $2
		$2.scope = text/x-csharp
		$0.TextStylePolicy = $3
		$3.FileWidth = 80
		$3.TabsToSpaces = True
		$3.scope = text/plain
		outputpath = ../CSVToJson/build/bin
	EndGlobalSection
EndGlobal
